
Microsoft Visual Studio Solution File, Format Version 12.00
# Visual Studio Version 17
VisualStudioVersion = 17.5.002.0
MinimumVisualStudioVersion = 10.0.40219.1
Project("{9A19103F-16F7-4668-BE54-9A1E7A4F7556}") = "taskauto", "taskauto.csproj", "{15D63529-9583-4330-AED5-4FFCF4588237}"
EndProject
Global
	GlobalSection(SolutionConfigurationPlatforms) = preSolution
		Debug|Any CPU = Debug|Any CPU
		Release|Any CPU = Release|Any CPU
	EndGlobalSection
	GlobalSection(ProjectConfigurationPlatforms) = postSolution
		{15D63529-9583-4330-AED5-4FFCF4588237}.Debug|Any CPU.ActiveCfg = Debug|Any CPU
		{15D63529-9583-4330-AED5-4FFCF4588237}.Debug|Any CPU.Build.0 = Debug|Any CPU
		{15D63529-9583-4330-AED5-4FFCF4588237}.Release|Any CPU.ActiveCfg = Release|Any CPU
		{15D63529-9583-4330-AED5-4FFCF4588237}.Release|Any CPU.Build.0 = Release|Any CPU
	EndGlobalSection
	GlobalSection(SolutionProperties) = preSolution
		HideSolutionNode = FALSE
	EndGlobalSection
	GlobalSection(ExtensibilityGlobals) = postSolution
		SolutionGuid = {3523686A-7465-42D2-8C15-454D75A5B550}
	EndGlobalSection
EndGlobal
